// !$*UTF8*$!
{
	archiveVersion = 1;
	classes = {
	};
	objectVersion = 77;
	objects = {

/* Begin PBXBuildFile section */
		1AB686000000000000000003 /* GRDB in Frameworks */ = {isa = PBXBuildFile; productRef = 1AB686000000000000000002 /* GRDB */; };
		1AB686000000000000000013 /* MLXLLM in Frameworks */ = {isa = PBXBuildFile; productRef = 1AB686000000000000000012 /* MLXLLM */; };
		1AB686000000000000000015 /* MLXLMCommon in Frameworks */ = {isa = PBXBuildFile; productRef = 1AB686000000000000000014 /* MLXLMCommon */; };
		1AB686000000000000000017 /* MLXHuggingFace in Frameworks */ = {isa = PBXBuildFile; productRef = 1AB686000000000000000016 /* MLXHuggingFace */; };
		1AB686000000000000000023 /* HuggingFace in Frameworks */ = {isa = PBXBuildFile; productRef = 1AB686000000000000000022 /* HuggingFace */; };
		1AB686000000000000000025 /* Tokenizers in Frameworks */ = {isa = PBXBuildFile; productRef = 1AB686000000000000000024 /* Tokenizers */; };
		1AB686000000000000000033 /* MarkdownUI in Frameworks */ = {isa = PBXBuildFile; productRef = 1AB686000000000000000032 /* MarkdownUI */; };
		1AB686000000000000000035 /* Highlightr in Frameworks */ = {isa = PBXBuildFile; productRef = 1AB686000000000000000034 /* Highlightr */; };
		1AB686000000000000000043 /* SwiftSoup in Frameworks */ = {isa = PBXBuildFile; productRef = 1AB686000000000000000042 /* SwiftSoup */; };
		1AB686000000000000000053 /* PrivacyUI in Frameworks */ = {isa = PBXBuildFile; productRef = 1AB686000000000000000052 /* PrivacyUI */; };
/* End PBXBuildFile section */

/* Begin PBXContainerItemProxy section */
		1AB6856E2FD9FB05000548D4 /* PBXContainerItemProxy */ = {
			isa = PBXContainerItemProxy;
			containerPortal = 1AB685562FD9FB02000548D4 /* Project object */;
			proxyType = 1;
			remoteGlobalIDString = 1AB6855D2FD9FB03000548D4;
			remoteInfo = PrivacyLLM;
		};
		1AB685782FD9FB05000548D4 /* PBXContainerItemProxy */ = {
			isa = PBXContainerItemProxy;
			containerPortal = 1AB685562FD9FB02000548D4 /* Project object */;
			proxyType = 1;
			remoteGlobalIDString = 1AB6855D2FD9FB03000548D4;
			remoteInfo = PrivacyLLM;
		};
/* End PBXContainerItemProxy section */

/* Begin PBXFileReference section */
		1AB6855E2FD9FB03000548D4 /* PrivacyLLM.app */ = {isa = PBXFileReference; explicitFileType = wrapper.application; includeInIndex = 0; path = PrivacyLLM.app; sourceTree = BUILT_PRODUCTS_DIR; };
		1AB6856D2FD9FB05000548D4 /* PrivacyLLMTests.xctest */ = {isa = PBXFileReference; explicitFileType = wrapper.cfbundle; includeInIndex = 0; path = PrivacyLLMTests.xctest; sourceTree = BUILT_PRODUCTS_DIR; };
		1AB685772FD9FB05000548D4 /* PrivacyLLMUITests.xctest */ = {isa = PBXFileReference; explicitFileType = wrapper.cfbundle; includeInIndex = 0; path = PrivacyLLMUITests.xctest; sourceTree = BUILT_PRODUCTS_DIR; };
/* End PBXFileReference section */

/* Begin PBXFileSystemSynchronizedRootGroup section */
		1AB685602FD9FB03000548D4 /* PrivacyLLM */ = {
			isa = PBXFileSystemSynchronizedRootGroup;
			path = PrivacyLLM;
			sourceTree = "<group>";
		};
		1AB685702FD9FB05000548D4 /* PrivacyLLMTests */ = {
			isa = PBXFileSystemSynchronizedRootGroup;
			path = PrivacyLLMTests;
			sourceTree = "<group>";
		};
		1AB6857A2FD9FB05000548D4 /* PrivacyLLMUITests */ = {
			isa = PBXFileSystemSynchronizedRootGroup;
			path = PrivacyLLMUITests;
			sourceTree = "<group>";
		};
/* End PBXFileSystemSynchronizedRootGroup section */

/* Begin PBXFrameworksBuildPhase section */
		1AB6855B2FD9FB03000548D4 /* Frameworks */ = {
			isa = PBXFrameworksBuildPhase;
			buildActionMask = 2147483647;
			files = (
				1AB686000000000000000003 /* GRDB in Frameworks */,
				1AB686000000000000000013 /* MLXLLM in Frameworks */,
				1AB686000000000000000015 /* MLXLMCommon in Frameworks */,
				1AB686000000000000000017 /* MLXHuggingFace in Frameworks */,
				1AB686000000000000000023 /* HuggingFace in Frameworks */,
				1AB686000000000000000025 /* Tokenizers in Frameworks */,
				1AB686000000000000000033 /* MarkdownUI in Frameworks */,
				1AB686000000000000000035 /* Highlightr in Frameworks */,
				1AB686000000000000000043 /* SwiftSoup in Frameworks */,
				1AB686000000000000000053 /* PrivacyUI in Frameworks */,
			);
			runOnlyForDeploymentPostprocessing = 0;
		};
		1AB6856A2FD9FB05000548D4 /* Frameworks */ = {
			isa = PBXFrameworksBuildPhase;
			buildActionMask = 2147483647;
			files = (
			);
			runOnlyForDeploymentPostprocessing = 0;
		};
		1AB685742FD9FB05000548D4 /* Frameworks */ = {
			isa = PBXFrameworksBuildPhase;
			buildActionMask = 2147483647;
			files = (
			);
			runOnlyForDeploymentPostprocessing = 0;
		};
/* End PBXFrameworksBuildPhase section */

/* Begin PBXGroup section */
		1AB685552FD9FB02000548D4 = {
			isa = PBXGroup;
			children = (
				1AB685602FD9FB03000548D4 /* PrivacyLLM */,
				1AB685702FD9FB05000548D4 /* PrivacyLLMTests */,
				1AB6857A2FD9FB05000548D4 /* PrivacyLLMUITests */,
				1AB6855F2FD9FB03000548D4 /* Products */,
			);
			sourceTree = "<group>";
		};
		1AB6855F2FD9FB03000548D4 /* Products */ = {
			isa = PBXGroup;
			children = (
				1AB6855E2FD9FB03000548D4 /* PrivacyLLM.app */,
				1AB6856D2FD9FB05000548D4 /* PrivacyLLMTests.xctest */,
				1AB685772FD9FB05000548D4 /* PrivacyLLMUITests.xctest */,
			);
			name = Products;
			sourceTree = "<group>";
		};
/* End PBXGroup section */

/* Begin PBXNativeTarget section */
		1AB6855D2FD9FB03000548D4 /* PrivacyLLM */ = {
			isa = PBXNativeTarget;
			buildConfigurationList = 1AB685812FD9FB05000548D4 /* Build configuration list for PBXNativeTarget "PrivacyLLM" */;
			buildPhases = (
				1AB6855A2FD9FB03000548D4 /* Sources */,
				1AB6855B2FD9FB03000548D4 /* Frameworks */,
				1AB6855C2FD9FB03000548D4 /* Resources */,
			);
			buildRules = (
			);
			dependencies = (
			);
			fileSystemSynchronizedGroups = (
				1AB685602FD9FB03000548D4 /* PrivacyLLM */,
			);
			name = PrivacyLLM;
			packageProductDependencies = (
				1AB686000000000000000002 /* GRDB */,
				1AB686000000000000000012 /* MLXLLM */,
				1AB686000000000000000014 /* MLXLMCommon */,
				1AB686000000000000000016 /* MLXHuggingFace */,
				1AB686000000000000000022 /* HuggingFace */,
				1AB686000000000000000024 /* Tokenizers */,
				1AB686000000000000000032 /* MarkdownUI */,
				1AB686000000000000000034 /* Highlightr */,
				1AB686000000000000000042 /* SwiftSoup */,
				1AB686000000000000000052 /* PrivacyUI */,
			);
			productName = PrivacyLLM;
			productReference = 1AB6855E2FD9FB03000548D4 /* PrivacyLLM.app */;
			productType = "com.apple.product-type.application";
		};
		1AB6856C2FD9FB05000548D4 /* PrivacyLLMTests */ = {
			isa = PBXNativeTarget;
			buildConfigurationList = 1AB685842FD9FB05000548D4 /* Build configuration list for PBXNativeTarget "PrivacyLLMTests" */;
			buildPhases = (
				1AB685692FD9FB05000548D4 /* Sources */,
				1AB6856A2FD9FB05000548D4 /* Frameworks */,
				1AB6856B2FD9FB05000548D4 /* Resources */,
			);
			buildRules = (
			);
			dependencies = (
				1AB6856F2FD9FB05000548D4 /* PBXTargetDependency */,
			);
			fileSystemSynchronizedGroups = (
				1AB685702FD9FB05000548D4 /* PrivacyLLMTests */,
			);
			name = PrivacyLLMTests;
			packageProductDependencies = (
			);
			productName = PrivacyLLMTests;
			productReference = 1AB6856D2FD9FB05000548D4 /* PrivacyLLMTests.xctest */;
			productType = "com.apple.product-type.bundle.unit-test";
		};
		1AB685762FD9FB05000548D4 /* PrivacyLLMUITests */ = {
			isa = PBXNativeTarget;
			buildConfigurationList = 1AB685872FD9FB05000548D4 /* Build configuration list for PBXNativeTarget "PrivacyLLMUITests" */;
			buildPhases = (
				1AB685732FD9FB05000548D4 /* Sources */,
				1AB685742FD9FB05000548D4 /* Frameworks */,
				1AB685752FD9FB05000548D4 /* Resources */,
			);
			buildRules = (
			);
			dependencies = (
				1AB685792FD9FB05000548D4 /* PBXTargetDependency */,
			);
			fileSystemSynchronizedGroups = (
				1AB6857A2FD9FB05000548D4 /* PrivacyLLMUITests */,
			);
			name = PrivacyLLMUITests;
			packageProductDependencies = (
			);
			productName = PrivacyLLMUITests;
			productReference = 1AB685772FD9FB05000548D4 /* PrivacyLLMUITests.xctest */;
			productType = "com.apple.product-type.bundle.ui-testing";
		};
/* End PBXNativeTarget section */

/* Begin PBXProject section */
		1AB685562FD9FB02000548D4 /* Project object */ = {
			isa = PBXProject;
			attributes = {
				BuildIndependentTargetsInParallel = 1;
				LastSwiftUpdateCheck = 2620;
				LastUpgradeCheck = 2620;
				TargetAttributes = {
					1AB6855D2FD9FB03000548D4 = {
						CreatedOnToolsVersion = 26.2;
					};
					1AB6856C2FD9FB05000548D4 = {
						CreatedOnToolsVersion = 26.2;
						TestTargetID = 1AB6855D2FD9FB03000548D4;
					};
					1AB685762FD9FB05000548D4 = {
						CreatedOnToolsVersion = 26.2;
						TestTargetID = 1AB6855D2FD9FB03000548D4;
					};
				};
			};
			buildConfigurationList = 1AB685592FD9FB02000548D4 /* Build configuration list for PBXProject "PrivacyLLM" */;
			developmentRegion = en;
			hasScannedForEncodings = 0;
			knownRegions = (
				en,
				Base,
			);
			mainGroup = 1AB685552FD9FB02000548D4;
			minimizedProjectReferenceProxies = 1;
			packageReferences = (
				1AB686000000000000000001 /* XCRemoteSwiftPackageReference "GRDB" */,
				1AB686000000000000000011 /* XCRemoteSwiftPackageReference "mlx-swift-lm" */,
				1AB686000000000000000021 /* XCRemoteSwiftPackageReference "swift-huggingface" */,
				1AB686000000000000000026 /* XCRemoteSwiftPackageReference "swift-transformers" */,
				1AB686000000000000000031 /* XCRemoteSwiftPackageReference "swift-markdown-ui" */,
				1AB686000000000000000036 /* XCRemoteSwiftPackageReference "Highlightr" */,
				1AB686000000000000000041 /* XCRemoteSwiftPackageReference "SwiftSoup" */,
				1AB686000000000000000051 /* XCLocalSwiftPackageReference "PrivacyUI" */,
			);
			preferredProjectObjectVersion = 77;
			productRefGroup = 1AB6855F2FD9FB03000548D4 /* Products */;
			projectDirPath = "";
			projectRoot = "";
			targets = (
				1AB6855D2FD9FB03000548D4 /* PrivacyLLM */,
				1AB6856C2FD9FB05000548D4 /* PrivacyLLMTests */,
				1AB685762FD9FB05000548D4 /* PrivacyLLMUITests */,
			);
		};
/* End PBXProject section */

/* Begin PBXResourcesBuildPhase section */
		1AB6855C2FD9FB03000548D4 /* Resources */ = {
			isa = PBXResourcesBuildPhase;
			buildActionMask = 2147483647;
			files = (
			);
			runOnlyForDeploymentPostprocessing = 0;
		};
		1AB6856B2FD9FB05000548D4 /* Resources */ = {
			isa = PBXResourcesBuildPhase;
			buildActionMask = 2147483647;
			files = (
			);
			runOnlyForDeploymentPostprocessing = 0;
		};
		1AB685752FD9FB05000548D4 /* Resources */ = {
			isa = PBXResourcesBuildPhase;
			buildActionMask = 2147483647;
			files = (
			);
			runOnlyForDeploymentPostprocessing = 0;
		};
/* End PBXResourcesBuildPhase section */

/* Begin PBXSourcesBuildPhase section */
		1AB6855A2FD9FB03000548D4 /* Sources */ = {
			isa = PBXSourcesBuildPhase;
			buildActionMask = 2147483647;
			files = (
			);
			runOnlyForDeploymentPostprocessing = 0;
		};
		1AB685692FD9FB05000548D4 /* Sources */ = {
			isa = PBXSourcesBuildPhase;
			buildActionMask = 2147483647;
			files = (
			);
			runOnlyForDeploymentPostprocessing = 0;
		};
		1AB685732FD9FB05000548D4 /* Sources */ = {
			isa = PBXSourcesBuildPhase;
			buildActionMask = 2147483647;
			files = (
			);
			runOnlyForDeploymentPostprocessing = 0;
		};
/* End PBXSourcesBuildPhase section */

/* Begin PBXTargetDependency section */
		1AB6856F2FD9FB05000548D4 /* PBXTargetDependency */ = {
			isa = PBXTargetDependency;
			target = 1AB6855D2FD9FB03000548D4 /* PrivacyLLM */;
			targetProxy = 1AB6856E2FD9FB05000548D4 /* PBXContainerItemProxy */;
		};
		1AB685792FD9FB05000548D4 /* PBXTargetDependency */ = {
			isa = PBXTargetDependency;
			target = 1AB6855D2FD9FB03000548D4 /* PrivacyLLM */;
			targetProxy = 1AB685782FD9FB05000548D4 /* PBXContainerItemProxy */;
		};
/* End PBXTargetDependency section */

/* Begin XCBuildConfiguration section */
		1AB6857F2FD9FB05000548D4 /* Debug */ = {
			isa = XCBuildConfiguration;
			buildSettings = {
				ALWAYS_SEARCH_USER_PATHS = NO;
				ASSETCATALOG_COMPILER_GENERATE_SWIFT_ASSET_SYMBOL_EXTENSIONS = YES;
				CLANG_ANALYZER_NONNULL = YES;
				CLANG_ANALYZER_NUMBER_OBJECT_CONVERSION = YES_AGGRESSIVE;
				CLANG_CXX_LANGUAGE_STANDARD = "gnu++20";
				CLANG_ENABLE_MODULES = YES;
				CLANG_ENABLE_OBJC_ARC = YES;
				CLANG_ENABLE_OBJC_WEAK = YES;
				CLANG_WARN_BLOCK_CAPTURE_AUTORELEASING = YES;
				CLANG_WARN_BOOL_CONVERSION = YES;
				CLANG_WARN_COMMA = YES;
				CLANG_WARN_CONSTANT_CONVERSION = YES;
				CLANG_WARN_DEPRECATED_OBJC_IMPLEMENTATIONS = YES;
				CLANG_WARN_DIRECT_OBJC_ISA_USAGE = YES_ERROR;
				CLANG_WARN_DOCUMENTATION_COMMENTS = YES;
				CLANG_WARN_EMPTY_BODY = YES;
				CLANG_WARN_ENUM_CONVERSION = YES;
				CLANG_WARN_INFINITE_RECURSION = YES;
				CLANG_WARN_INT_CONVERSION = YES;
				CLANG_WARN_NON_LITERAL_NULL_CONVERSION = YES;
				CLANG_WARN_OBJC_IMPLICIT_RETAIN_SELF = YES;
				CLANG_WARN_OBJC_LITERAL_CONVERSION = YES;
				CLANG_WARN_OBJC_ROOT_CLASS = YES_ERROR;
				CLANG_WARN_QUOTED_INCLUDE_IN_FRAMEWORK_HEADER = YES;
				CLANG_WARN_RANGE_LOOP_ANALYSIS = YES;
				CLANG_WARN_STRICT_PROTOTYPES = YES;
				CLANG_WARN_SUSPICIOUS_MOVE = YES;
				CLANG_WARN_UNGUARDED_AVAILABILITY = YES_AGGRESSIVE;
				CLANG_WARN_UNREACHABLE_CODE = YES;
				CLANG_WARN__DUPLICATE_METHOD_MATCH = YES;
				COPY_PHASE_STRIP = NO;
				DEBUG_INFORMATION_FORMAT = dwarf;
				DEVELOPMENT_TEAM = 5QWX246F7X;
				ENABLE_STRICT_OBJC_MSGSEND = YES;
				ENABLE_TESTABILITY = YES;
				ENABLE_USER_SCRIPT_SANDBOXING = YES;
				GCC_C_LANGUAGE_STANDARD = gnu17;
				GCC_DYNAMIC_NO_PIC = NO;
				GCC_NO_COMMON_BLOCKS = YES;
				GCC_OPTIMIZATION_LEVEL = 0;
				GCC_PREPROCESSOR_DEFINITIONS = (
					"DEBUG=1",
					"$(inherited)",
				);
				GCC_WARN_64_TO_32_BIT_CONVERSION = YES;
				GCC_WARN_ABOUT_RETURN_TYPE = YES_ERROR;
				GCC_WARN_UNDECLARED_SELECTOR = YES;
				GCC_WARN_UNINITIALIZED_AUTOS = YES_AGGRESSIVE;
				GCC_WARN_UNUSED_FUNCTION = YES;
				GCC_WARN_UNUSED_VARIABLE = YES;
				IPHONEOS_DEPLOYMENT_TARGET = 18.0;
				LOCALIZATION_PREFERS_STRING_CATALOGS = YES;
				MTL_ENABLE_DEBUG_INFO = INCLUDE_SOURCE;
				MTL_FAST_MATH = YES;
				ONLY_ACTIVE_ARCH = YES;
				SDKROOT = iphoneos;
				STRING_CATALOG_GENERATE_SYMBOLS = YES;
				SWIFT_ACTIVE_COMPILATION_CONDITIONS = "DEBUG $(inherited)";
				SWIFT_OPTIMIZATION_LEVEL = "-Onone";
			};
			name = Debug;
		};
		1AB685802FD9FB05000548D4 /* Release */ = {
			isa = XCBuildConfiguration;
			buildSettings = {
				ALWAYS_SEARCH_USER_PATHS = NO;
				ASSETCATALOG_COMPILER_GENERATE_SWIFT_ASSET_SYMBOL_EXTENSIONS = YES;
				CLANG_ANALYZER_NONNULL = YES;
				CLANG_ANALYZER_NUMBER_OBJECT_CONVERSION = YES_AGGRESSIVE;
				CLANG_CXX_LANGUAGE_STANDARD = "gnu++20";
				CLANG_ENABLE_MODULES = YES;
				CLANG_ENABLE_OBJC_ARC = YES;
				CLANG_ENABLE_OBJC_WEAK = YES;
				CLANG_WARN_BLOCK_CAPTURE_AUTORELEASING = YES;
				CLANG_WARN_BOOL_CONVERSION = YES;
				CLANG_WARN_COMMA = YES;
				CLANG_WARN_CONSTANT_CONVERSION = YES;
				CLANG_WARN_DEPRECATED_OBJC_IMPLEMENTATIONS = YES;
				CLANG_WARN_DIRECT_OBJC_ISA_USAGE = YES_ERROR;
				CLANG_WARN_DOCUMENTATION_COMMENTS = YES;
				CLANG_WARN_EMPTY_BODY = YES;
				CLANG_WARN_ENUM_CONVERSION = YES;
				CLANG_WARN_INFINITE_RECURSION = YES;
				CLANG_WARN_INT_CONVERSION = YES;
				CLANG_WARN_NON_LITERAL_NULL_CONVERSION = YES;
				CLANG_WARN_OBJC_IMPLICIT_RETAIN_SELF = YES;
				CLANG_WARN_OBJC_LITERAL_CONVERSION = YES;
				CLANG_WARN_OBJC_ROOT_CLASS = YES_ERROR;
				CLANG_WARN_QUOTED_INCLUDE_IN_FRAMEWORK_HEADER = YES;
				CLANG_WARN_RANGE_LOOP_ANALYSIS = YES;
				CLANG_WARN_STRICT_PROTOTYPES = YES;
				CLANG_WARN_SUSPICIOUS_MOVE = YES;
				CLANG_WARN_UNGUARDED_AVAILABILITY = YES_AGGRESSIVE;
				CLANG_WARN_UNREACHABLE_CODE = YES;
				CLANG_WARN__DUPLICATE_METHOD_MATCH = YES;
				COPY_PHASE_STRIP = NO;
				DEBUG_INFORMATION_FORMAT = "dwarf-with-dsym";
				DEVELOPMENT_TEAM = 5QWX246F7X;
				ENABLE_NS_ASSERTIONS = NO;
				ENABLE_STRICT_OBJC_MSGSEND = YES;
				ENABLE_USER_SCRIPT_SANDBOXING = YES;
				GCC_C_LANGUAGE_STANDARD = gnu17;
				GCC_NO_COMMON_BLOCKS = YES;
				GCC_WARN_64_TO_32_BIT_CONVERSION = YES;
				GCC_WARN_ABOUT_RETURN_TYPE = YES_ERROR;
				GCC_WARN_UNDECLARED_SELECTOR = YES;
				GCC_WARN_UNINITIALIZED_AUTOS = YES_AGGRESSIVE;
				GCC_WARN_UNUSED_FUNCTION = YES;
				GCC_WARN_UNUSED_VARIABLE = YES;
				IPHONEOS_DEPLOYMENT_TARGET = 18.0;
				LOCALIZATION_PREFERS_STRING_CATALOGS = YES;
				MTL_ENABLE_DEBUG_INFO = NO;
				MTL_FAST_MATH = YES;
				SDKROOT = iphoneos;
				STRING_CATALOG_GENERATE_SYMBOLS = YES;
				SWIFT_COMPILATION_MODE = wholemodule;
				VALIDATE_PRODUCT = YES;
			};
			name = Release;
		};
		1AB685822FD9FB05000548D4 /* Debug */ = {
			isa = XCBuildConfiguration;
			buildSettings = {
				ASSETCATALOG_COMPILER_APPICON_NAME = AppIcon;
				ASSETCATALOG_COMPILER_GLOBAL_ACCENT_COLOR_NAME = AccentColor;
				CODE_SIGN_ENTITLEMENTS = PrivacyLLM/PrivacyLLM.entitlements;
				CODE_SIGN_STYLE = Automatic;
				CURRENT_PROJECT_VERSION = 1;
				DEVELOPMENT_TEAM = 5QWX246F7X;
				ENABLE_PREVIEWS = YES;
				GENERATE_INFOPLIST_FILE = YES;
				INFOPLIST_KEY_CFBundleDisplayName = PrivacyLLM;
				INFOPLIST_KEY_ITSAppUsesNonExemptEncryption = NO;
				INFOPLIST_KEY_NSMicrophoneUsageDescription = "The microphone captures your voice so it can be transcribed to text entirely on this device. Audio never leaves your iPhone.";
				INFOPLIST_KEY_NSSpeechRecognitionUsageDescription = "Speech is transcribed on-device to turn your voice into message text. Your voice is never sent to any server.";
				INFOPLIST_KEY_UIApplicationSceneManifest_Generation = YES;
				INFOPLIST_KEY_UIApplicationSupportsIndirectInputEvents = YES;
				INFOPLIST_KEY_UILaunchScreen_Generation = YES;
				INFOPLIST_KEY_UISupportedInterfaceOrientations_iPad = "UIInterfaceOrientationPortrait UIInterfaceOrientationPortraitUpsideDown UIInterfaceOrientationLandscapeLeft UIInterfaceOrientationLandscapeRight";
				INFOPLIST_KEY_UISupportedInterfaceOrientations_iPhone = "UIInterfaceOrientationPortrait UIInterfaceOrientationLandscapeLeft UIInterfaceOrientationLandscapeRight";
				LD_RUNPATH_SEARCH_PATHS = (
					"$(inherited)",
					"@executable_path/Frameworks",
				);
				MARKETING_VERSION = 1.0;
				PRODUCT_BUNDLE_IDENTIFIER = com.axellangenskiold.PrivacyLLM;
				PRODUCT_NAME = "$(TARGET_NAME)";
				STRING_CATALOG_GENERATE_SYMBOLS = YES;
				SWIFT_APPROACHABLE_CONCURRENCY = YES;
				SWIFT_DEFAULT_ACTOR_ISOLATION = MainActor;
				SWIFT_EMIT_LOC_STRINGS = YES;
				SWIFT_UPCOMING_FEATURE_MEMBER_IMPORT_VISIBILITY = YES;
				SWIFT_VERSION = 5.0;
				TARGETED_DEVICE_FAMILY = 1;
			};
			name = Debug;
		};
		1AB685832FD9FB05000548D4 /* Release */ = {
			isa = XCBuildConfiguration;
			buildSettings = {
				ASSETCATALOG_COMPILER_APPICON_NAME = AppIcon;
				ASSETCATALOG_COMPILER_GLOBAL_ACCENT_COLOR_NAME = AccentColor;
				CODE_SIGN_ENTITLEMENTS = PrivacyLLM/PrivacyLLM.entitlements;
				CODE_SIGN_STYLE = Automatic;
				CURRENT_PROJECT_VERSION = 1;
				DEVELOPMENT_TEAM = 5QWX246F7X;
				ENABLE_PREVIEWS = YES;
				GENERATE_INFOPLIST_FILE = YES;
				INFOPLIST_KEY_CFBundleDisplayName = PrivacyLLM;
				INFOPLIST_KEY_ITSAppUsesNonExemptEncryption = NO;
				INFOPLIST_KEY_NSMicrophoneUsageDescription = "The microphone captures your voice so it can be transcribed to text entirely on this device. Audio never leaves your iPhone.";
				INFOPLIST_KEY_NSSpeechRecognitionUsageDescription = "Speech is transcribed on-device to turn your voice into message text. Your voice is never sent to any server.";
				INFOPLIST_KEY_UIApplicationSceneManifest_Generation = YES;
				INFOPLIST_KEY_UIApplicationSupportsIndirectInputEvents = YES;
				INFOPLIST_KEY_UILaunchScreen_Generation = YES;
				INFOPLIST_KEY_UISupportedInterfaceOrientations_iPad = "UIInterfaceOrientationPortrait UIInterfaceOrientationPortraitUpsideDown UIInterfaceOrientationLandscapeLeft UIInterfaceOrientationLandscapeRight";
				INFOPLIST_KEY_UISupportedInterfaceOrientations_iPhone = "UIInterfaceOrientationPortrait UIInterfaceOrientationLandscapeLeft UIInterfaceOrientationLandscapeRight";
				LD_RUNPATH_SEARCH_PATHS = (
					"$(inherited)",
					"@executable_path/Frameworks",
				);
				MARKETING_VERSION = 1.0;
				PRODUCT_BUNDLE_IDENTIFIER = com.axellangenskiold.PrivacyLLM;
				PRODUCT_NAME = "$(TARGET_NAME)";
				STRING_CATALOG_GENERATE_SYMBOLS = YES;
				SWIFT_APPROACHABLE_CONCURRENCY = YES;
				SWIFT_DEFAULT_ACTOR_ISOLATION = MainActor;
				SWIFT_EMIT_LOC_STRINGS = YES;
				SWIFT_UPCOMING_FEATURE_MEMBER_IMPORT_VISIBILITY = YES;
				SWIFT_VERSION = 5.0;
				TARGETED_DEVICE_FAMILY = 1;
			};
			name = Release;
		};
		1AB685852FD9FB05000548D4 /* Debug */ = {
			isa = XCBuildConfiguration;
			buildSettings = {
				BUNDLE_LOADER = "$(TEST_HOST)";
				CODE_SIGN_STYLE = Automatic;
				CURRENT_PROJECT_VERSION = 1;
				DEVELOPMENT_TEAM = 5QWX246F7X;
				GENERATE_INFOPLIST_FILE = YES;
				IPHONEOS_DEPLOYMENT_TARGET = 18.0;
				MARKETING_VERSION = 1.0;
				PRODUCT_BUNDLE_IDENTIFIER = com.axellangenskiold.PrivacyLLMTests;
				PRODUCT_NAME = "$(TARGET_NAME)";
				STRING_CATALOG_GENERATE_SYMBOLS = NO;
				SWIFT_APPROACHABLE_CONCURRENCY = YES;
				SWIFT_EMIT_LOC_STRINGS = NO;
				SWIFT_UPCOMING_FEATURE_MEMBER_IMPORT_VISIBILITY = YES;
				SWIFT_VERSION = 5.0;
				TARGETED_DEVICE_FAMILY = 1;
				TEST_HOST = "$(BUILT_PRODUCTS_DIR)/PrivacyLLM.app/$(BUNDLE_EXECUTABLE_FOLDER_PATH)/PrivacyLLM";
			};
			name = Debug;
		};
		1AB685862FD9FB05000548D4 /* Release */ = {
			isa = XCBuildConfiguration;
			buildSettings = {
				BUNDLE_LOADER = "$(TEST_HOST)";
				CODE_SIGN_STYLE = Automatic;
				CURRENT_PROJECT_VERSION = 1;
				DEVELOPMENT_TEAM = 5QWX246F7X;
				GENERATE_INFOPLIST_FILE = YES;
				IPHONEOS_DEPLOYMENT_TARGET = 18.0;
				MARKETING_VERSION = 1.0;
				PRODUCT_BUNDLE_IDENTIFIER = com.axellangenskiold.PrivacyLLMTests;
				PRODUCT_NAME = "$(TARGET_NAME)";
				STRING_CATALOG_GENERATE_SYMBOLS = NO;
				SWIFT_APPROACHABLE_CONCURRENCY = YES;
				SWIFT_EMIT_LOC_STRINGS = NO;
				SWIFT_UPCOMING_FEATURE_MEMBER_IMPORT_VISIBILITY = YES;
				SWIFT_VERSION = 5.0;
				TARGETED_DEVICE_FAMILY = 1;
				TEST_HOST = "$(BUILT_PRODUCTS_DIR)/PrivacyLLM.app/$(BUNDLE_EXECUTABLE_FOLDER_PATH)/PrivacyLLM";
			};
			name = Release;
		};
		1AB685882FD9FB05000548D4 /* Debug */ = {
			isa = XCBuildConfiguration;
			buildSettings = {
				CODE_SIGN_STYLE = Automatic;
				CURRENT_PROJECT_VERSION = 1;
				DEVELOPMENT_TEAM = 5QWX246F7X;
				GENERATE_INFOPLIST_FILE = YES;
				MARKETING_VERSION = 1.0;
				PRODUCT_BUNDLE_IDENTIFIER = com.axellangenskiold.PrivacyLLMUITests;
				PRODUCT_NAME = "$(TARGET_NAME)";
				STRING_CATALOG_GENERATE_SYMBOLS = NO;
				SWIFT_APPROACHABLE_CONCURRENCY = YES;
				SWIFT_EMIT_LOC_STRINGS = NO;
				SWIFT_UPCOMING_FEATURE_MEMBER_IMPORT_VISIBILITY = YES;
				SWIFT_VERSION = 5.0;
				TARGETED_DEVICE_FAMILY = 1;
				TEST_TARGET_NAME = PrivacyLLM;
			};
			name = Debug;
		};
		1AB685892FD9FB05000548D4 /* Release */ = {
			isa = XCBuildConfiguration;
			buildSettings = {
				CODE_SIGN_STYLE = Automatic;
				CURRENT_PROJECT_VERSION = 1;
				DEVELOPMENT_TEAM = 5QWX246F7X;
				GENERATE_INFOPLIST_FILE = YES;
				MARKETING_VERSION = 1.0;
				PRODUCT_BUNDLE_IDENTIFIER = com.axellangenskiold.PrivacyLLMUITests;
				PRODUCT_NAME = "$(TARGET_NAME)";
				STRING_CATALOG_GENERATE_SYMBOLS = NO;
				SWIFT_APPROACHABLE_CONCURRENCY = YES;
				SWIFT_EMIT_LOC_STRINGS = NO;
				SWIFT_UPCOMING_FEATURE_MEMBER_IMPORT_VISIBILITY = YES;
				SWIFT_VERSION = 5.0;
				TARGETED_DEVICE_FAMILY = 1;
				TEST_TARGET_NAME = PrivacyLLM;
			};
			name = Release;
		};
/* End XCBuildConfiguration section */

/* Begin XCConfigurationList section */
		1AB685592FD9FB02000548D4 /* Build configuration list for PBXProject "PrivacyLLM" */ = {
			isa = XCConfigurationList;
			buildConfigurations = (
				1AB6857F2FD9FB05000548D4 /* Debug */,
				1AB685802FD9FB05000548D4 /* Release */,
			);
			defaultConfigurationIsVisible = 0;
			defaultConfigurationName = Release;
		};
		1AB685812FD9FB05000548D4 /* Build configuration list for PBXNativeTarget "PrivacyLLM" */ = {
			isa = XCConfigurationList;
			buildConfigurations = (
				1AB685822FD9FB05000548D4 /* Debug */,
				1AB685832FD9FB05000548D4 /* Release */,
			);
			defaultConfigurationIsVisible = 0;
			defaultConfigurationName = Release;
		};
		1AB685842FD9FB05000548D4 /* Build configuration list for PBXNativeTarget "PrivacyLLMTests" */ = {
			isa = XCConfigurationList;
			buildConfigurations = (
				1AB685852FD9FB05000548D4 /* Debug */,
				1AB685862FD9FB05000548D4 /* Release */,
			);
			defaultConfigurationIsVisible = 0;
			defaultConfigurationName = Release;
		};
		1AB685872FD9FB05000548D4 /* Build configuration list for PBXNativeTarget "PrivacyLLMUITests" */ = {
			isa = XCConfigurationList;
			buildConfigurations = (
				1AB685882FD9FB05000548D4 /* Debug */,
				1AB685892FD9FB05000548D4 /* Release */,
			);
			defaultConfigurationIsVisible = 0;
			defaultConfigurationName = Release;
		};
/* End XCConfigurationList section */

/* Begin XCLocalSwiftPackageReference section */
		1AB686000000000000000051 /* XCLocalSwiftPackageReference "PrivacyUI" */ = {
			isa = XCLocalSwiftPackageReference;
			relativePath = PrivacyUI;
		};
/* End XCLocalSwiftPackageReference section */

/* Begin XCRemoteSwiftPackageReference section */
		1AB686000000000000000001 /* XCRemoteSwiftPackageReference "GRDB" */ = {
			isa = XCRemoteSwiftPackageReference;
			repositoryURL = "https://github.com/groue/GRDB.swift";
			requirement = {
				kind = upToNextMajorVersion;
				minimumVersion = 7.11.0;
			};
		};
		1AB686000000000000000011 /* XCRemoteSwiftPackageReference "mlx-swift-lm" */ = {
			isa = XCRemoteSwiftPackageReference;
			repositoryURL = "https://github.com/ml-explore/mlx-swift-lm";
			requirement = {
				kind = upToNextMajorVersion;
				minimumVersion = 3.31.3;
			};
		};
		1AB686000000000000000021 /* XCRemoteSwiftPackageReference "swift-huggingface" */ = {
			isa = XCRemoteSwiftPackageReference;
			repositoryURL = "https://github.com/huggingface/swift-huggingface";
			requirement = {
				kind = upToNextMajorVersion;
				minimumVersion = 0.9.0;
			};
		};
		1AB686000000000000000026 /* XCRemoteSwiftPackageReference "swift-transformers" */ = {
			isa = XCRemoteSwiftPackageReference;
			repositoryURL = "https://github.com/huggingface/swift-transformers";
			requirement = {
				kind = upToNextMajorVersion;
				minimumVersion = 1.3.3;
			};
		};
		1AB686000000000000000031 /* XCRemoteSwiftPackageReference "swift-markdown-ui" */ = {
			isa = XCRemoteSwiftPackageReference;
			repositoryURL = "https://github.com/gonzalezreal/swift-markdown-ui";
			requirement = {
				kind = upToNextMajorVersion;
				minimumVersion = 2.4.1;
			};
		};
		1AB686000000000000000036 /* XCRemoteSwiftPackageReference "Highlightr" */ = {
			isa = XCRemoteSwiftPackageReference;
			repositoryURL = "https://github.com/raspu/Highlightr";
			requirement = {
				kind = upToNextMajorVersion;
				minimumVersion = 2.3.0;
			};
		};
		1AB686000000000000000041 /* XCRemoteSwiftPackageReference "SwiftSoup" */ = {
			isa = XCRemoteSwiftPackageReference;
			repositoryURL = "https://github.com/scinfu/SwiftSoup";
			requirement = {
				kind = upToNextMajorVersion;
				minimumVersion = 2.13.5;
			};
		};
/* End XCRemoteSwiftPackageReference section */

/* Begin XCSwiftPackageProductDependency section */
		1AB686000000000000000002 /* GRDB */ = {
			isa = XCSwiftPackageProductDependency;
			package = 1AB686000000000000000001 /* XCRemoteSwiftPackageReference "GRDB" */;
			productName = GRDB;
		};
		1AB686000000000000000012 /* MLXLLM */ = {
			isa = XCSwiftPackageProductDependency;
			package = 1AB686000000000000000011 /* XCRemoteSwiftPackageReference "mlx-swift-lm" */;
			productName = MLXLLM;
		};
		1AB686000000000000000014 /* MLXLMCommon */ = {
			isa = XCSwiftPackageProductDependency;
			package = 1AB686000000000000000011 /* XCRemoteSwiftPackageReference "mlx-swift-lm" */;
			productName = MLXLMCommon;
		};
		1AB686000000000000000016 /* MLXHuggingFace */ = {
			isa = XCSwiftPackageProductDependency;
			package = 1AB686000000000000000011 /* XCRemoteSwiftPackageReference "mlx-swift-lm" */;
			productName = MLXHuggingFace;
		};
		1AB686000000000000000022 /* HuggingFace */ = {
			isa = XCSwiftPackageProductDependency;
			package = 1AB686000000000000000021 /* XCRemoteSwiftPackageReference "swift-huggingface" */;
			productName = HuggingFace;
		};
		1AB686000000000000000024 /* Tokenizers */ = {
			isa = XCSwiftPackageProductDependency;
			package = 1AB686000000000000000026 /* XCRemoteSwiftPackageReference "swift-transformers" */;
			productName = Tokenizers;
		};
		1AB686000000000000000032 /* MarkdownUI */ = {
			isa = XCSwiftPackageProductDependency;
			package = 1AB686000000000000000031 /* XCRemoteSwiftPackageReference "swift-markdown-ui" */;
			productName = MarkdownUI;
		};
		1AB686000000000000000034 /* Highlightr */ = {
			isa = XCSwiftPackageProductDependency;
			package = 1AB686000000000000000036 /* XCRemoteSwiftPackageReference "Highlightr" */;
			productName = Highlightr;
		};
		1AB686000000000000000042 /* SwiftSoup */ = {
			isa = XCSwiftPackageProductDependency;
			package = 1AB686000000000000000041 /* XCRemoteSwiftPackageReference "SwiftSoup" */;
			productName = SwiftSoup;
		};
		1AB686000000000000000052 /* PrivacyUI */ = {
			isa = XCSwiftPackageProductDependency;
			productName = PrivacyUI;
		};
/* End XCSwiftPackageProductDependency section */
	};
	rootObject = 1AB685562FD9FB02000548D4 /* Project object */;
}
